
Microsoft Visual Studio Solution File, Format Version 12.00
# Visual Studio Version 17
VisualStudioVersion = 17.9.34622.214
MinimumVisualStudioVersion = 10.0.40219.1
Project("{FAE04EC0-301F-11D3-BF4B-00C04F79EFBC}") = "Aula DS 03-09-25", "Aula DS 03-09-25\Aula DS 03-09-25.csproj", "{F98E0FC7-5A00-4399-A892-88202B0442F7}"
EndProject
Global
	GlobalSection(SolutionConfigurationPlatforms) = preSolution
		Debug|Any CPU = Debug|Any CPU
		Release|Any CPU = Release|Any CPU
	EndGlobalSection
	GlobalSection(ProjectConfigurationPlatforms) = postSolution
		{F98E0FC7-5A00-4399-A892-88202B0442F7}.Debug|Any CPU.ActiveCfg = Debug|Any CPU
		{F98E0FC7-5A00-4399-A892-88202B0442F7}.Debug|Any CPU.Build.0 = Debug|Any CPU
		{F98E0FC7-5A00-4399-A892-88202B0442F7}.Release|Any CPU.ActiveCfg = Release|Any CPU
		{F98E0FC7-5A00-4399-A892-88202B0442F7}.Release|Any CPU.Build.0 = Release|Any CPU
	EndGlobalSection
	GlobalSection(SolutionProperties) = preSolution
		HideSolutionNode = FALSE
	EndGlobalSection
	GlobalSection(ExtensibilityGlobals) = postSolution
		SolutionGuid = {7AB6D92C-68A6-46DE-A58B-CB00BE1BB7A3}
	EndGlobalSection
EndGlobal
